// !$*UTF8*$!
{
	archiveVersion = 1;
	classes = {
	};
	objectVersion = 46;
	objects = {

/* Begin PBXBuildFile section */
		C7C96BFC1B9188E800C818D3 /* AppDelegate.swift in Sources */ = {isa = PBXBuildFile; fileRef = C7C96BFB1B9188E800C818D3 /* AppDelegate.swift */; };
		C7C96BFE1B9188E800C818D3 /* ViewController.swift in Sources */ = {isa = PBXBuildFile; fileRef = C7C96BFD1B9188E800C818D3 /* ViewController.swift */; };
		C7C96C011B9188E800C818D3 /* Main.storyboard in Resources */ = {isa = PBXBuildFile; fileRef = C7C96BFF1B9188E800C818D3 /* Main.storyboard */; };
		C7C96C031B9188E800C818D3 /* Images.xcassets in Resources */ = {isa = PBXBuildFile; fileRef = C7C96C021B9188E800C818D3 /* Images.xcassets */; };
		C7C96C061B9188E800C818D3 /* LaunchScreen.xib in Resources */ = {isa = PBXBuildFile; fileRef = C7C96C041B9188E800C818D3 /* LaunchScreen.xib */; };
		C7C96C121B9188E800C818D3 /* tipsTests.swift in Sources */ = {isa = PBXBuildFile; fileRef = C7C96C111B9188E800C818D3 /* tipsTests.swift */; };
/* End PBXBuildFile section */

/* Begin PBXContainerItemProxy section */
		C7C96C0C1B9188E800C818D3 /* PBXContainerItemProxy */ = {
			isa = PBXContainerItemProxy;
			containerPortal = C7C96BEE1B9188E800C818D3 /* Project object */;
			proxyType = 1;
			remoteGlobalIDString = C7C96BF51B9188E800C818D3;
			remoteInfo = tips;
		};
/* End PBXContainerItemProxy section */

/* Begin PBXFileReference section */
		C7C96BF61B9188E800C818D3 /* tips.app */ = {isa = PBXFileReference; explicitFileType = wrapper.application; includeInIndex = 0; path = tips.app; sourceTree = BUILT_PRODUCTS_DIR; };
		C7C96BFA1B9188E800C818D3 /* Info.plist */ = {isa = PBXFileReference; lastKnownFileType = text.plist.xml; path = Info.plist; sourceTree = "<group>"; };
		C7C96BFB1B9188E800C818D3 /* AppDelegate.swift */ = {isa = PBXFileReference; lastKnownFileType = sourcecode.swift; path = AppDelegate.swift; sourceTree = "<group>"; };
		C7C96BFD1B9188E800C818D3 /* ViewController.swift */ = {isa = PBXFileReference; lastKnownFileType = sourcecode.swift; path = ViewController.swift; sourceTree = "<group>"; };
		C7C96C001B9188E800C818D3 /* Base */ = {isa = PBXFileReference; lastKnownFileType = file.storyboard; name = Base; path = Base.lproj/Main.storyboard; sourceTree = "<group>"; };
		C7C96C021B9188E800C818D3 /* Images.xcassets */ = {isa = PBXFileReference; lastKnownFileType = folder.assetcatalog; path = Images.xcassets; sourceTree = "<group>"; };
		C7C96C051B9188E800C818D3 /* Base */ = {isa = PBXFileReference; lastKnownFileType = file.xib; name = Base; path = Base.lproj/LaunchScreen.xib; sourceTree = "<group>"; };
		C7C96C0B1B9188E800C818D3 /* tipsTests.xctest */ = {isa = PBXFileReference; explicitFileType = wrapper.cfbundle; includeInIndex = 0; path = tipsTests.xctest; sourceTree = BUILT_PRODUCTS_DIR; };
		C7C96C101B9188E800C818D3 /* Info.plist */ = {isa = PBXFileReference; lastKnownFileType = text.plist.xml; path = Info.plist; sourceTree = "<group>"; };
		C7C96C111B9188E800C818D3 /* tipsTests.swift */ = {isa = PBXFileReference; lastKnownFileType = sourcecode.swift; path = tipsTests.swift; sourceTree = "<group>"; };
/* End PBXFileReference section */

/* Begin PBXFrameworksBuildPhase section */
		C7C96BF31B9188E800C818D3 /* Frameworks */ = {
			isa = PBXFrameworksBuildPhase;
			buildActionMask = 2147483647;
			files = (
			);
			runOnlyForDeploymentPostprocessing = 0;
		};
		C7C96C081B9188E800C818D3 /* Frameworks */ = {
			isa = PBXFrameworksBuildPhase;
			buildActionMask = 2147483647;
			files = (
			);
			runOnlyForDeploymentPostprocessing = 0;
		};
/* End PBXFrameworksBuildPhase section */

/* Begin PBXGroup section */
		C7C96BED1B9188E800C818D3 = {
			isa = PBXGroup;
			children = (
				C7C96BF81B9188E800C818D3 /* tips */,
				C7C96C0E1B9188E800C818D3 /* tipsTests */,
				C7C96BF71B9188E800C818D3 /* Products */,
			);
			sourceTree = "<group>";
		};
		C7C96BF71B9188E800C818D3 /* Products */ = {
			isa = PBXGroup;
			children = (
				C7C96BF61B9188E800C818D3 /* tips.app */,
				C7C96C0B1B9188E800C818D3 /* tipsTests.xctest */,
			);
			name = Products;
			sourceTree = "<group>";
		};
		C7C96BF81B9188E800C818D3 /* tips */ = {
			isa = PBXGroup;
			children = (
				C7C96BFB1B9188E800C818D3 /* AppDelegate.swift */,
				C7C96BFD1B9188E800C818D3 /* ViewController.swift */,
				C7C96BFF1B9188E800C818D3 /* Main.storyboard */,
				C7C96C021B9188E800C818D3 /* Images.xcassets */,
				C7C96C041B9188E800C818D3 /* LaunchScreen.xib */,
				C7C96BF91B9188E800C818D3 /* Supporting Files */,
			);
			path = tips;
			sourceTree = "<group>";
		};
		C7C96BF91B9188E800C818D3 /* Supporting Files */ = {
			isa = PBXGroup;
			children = (
				C7C96BFA1B9188E800C818D3 /* Info.plist */,
			);
			name = "Supporting Files";
			sourceTree = "<group>";
		};
		C7C96C0E1B9188E800C818D3 /* tipsTests */ = {
			isa = PBXGroup;
			children = (
				C7C96C111B9188E800C818D3 /* tipsTests.swift */,
				C7C96C0F1B9188E800C818D3 /* Supporting Files */,
			);
			path = tipsTests;
			sourceTree = "<group>";
		};
		C7C96C0F1B9188E800C818D3 /* Supporting Files */ = {
			isa = PBXGroup;
			children = (
				C7C96C101B9188E800C818D3 /* Info.plist */,
			);
			name = "Supporting Files";
			sourceTree = "<group>";
		};
/* End PBXGroup section */

/* Begin PBXNativeTarget section */
		C7C96BF51B9188E800C818D3 /* tips */ = {
			isa = PBXNativeTarget;
			buildConfigurationList = C7C96C151B9188E800C818D3 /* Build configuration list for PBXNativeTarget "tips" */;
			buildPhases = (
				C7C96BF21B9188E800C818D3 /* Sources */,
				C7C96BF31B9188E800C818D3 /* Frameworks */,
				C7C96BF41B9188E800C818D3 /* Resources */,
			);
			buildRules = (
			);
			dependencies = (
			);
			name = tips;
			productName = tips;
			productReference = C7C96BF61B9188E800C818D3 /* tips.app */;
			productType = "com.apple.product-type.application";
		};
		C7C96C0A1B9188E800C818D3 /* tipsTests */ = {
			isa = PBXNativeTarget;
			buildConfigurationList = C7C96C181B9188E800C818D3 /* Build configuration list for PBXNativeTarget "tipsTests" */;
			buildPhases = (
				C7C96C071B9188E800C818D3 /* Sources */,
				C7C96C081B9188E800C818D3 /* Frameworks */,
				C7C96C091B9188E800C818D3 /* Resources */,
			);
			buildRules = (
			);
			dependencies = (
				C7C96C0D1B9188E800C818D3 /* PBXTargetDependency */,
			);
			name = tipsTests;
			productName = tipsTests;
			productReference = C7C96C0B1B9188E800C818D3 /* tipsTests.xctest */;
			productType = "com.apple.product-type.bundle.unit-test";
		};
/* End PBXNativeTarget section */

/* Begin PBXProject section */
		C7C96BEE1B9188E800C818D3 /* Project object */ = {
			isa = PBXProject;
			attributes = {
				LastUpgradeCheck = 0640;
				ORGANIZATIONNAME = Magnolia;
				TargetAttributes = {
					C7C96BF51B9188E800C818D3 = {
						CreatedOnToolsVersion = 6.4;
					};
					C7C96C0A1B9188E800C818D3 = {
						CreatedOnToolsVersion = 6.4;
						TestTargetID = C7C96BF51B9188E800C818D3;
					};
				};
			};
			buildConfigurationList = C7C96BF11B9188E800C818D3 /* Build configuration list for PBXProject "tips" */;
			compatibilityVersion = "Xcode 3.2";
			developmentRegion = English;
			hasScannedForEncodings = 0;
			knownRegions = (
				en,
				Base,
			);
			mainGroup = C7C96BED1B9188E800C818D3;
			productRefGroup = C7C96BF71B9188E800C818D3 /* Products */;
			projectDirPath = "";
			projectRoot = "";
			targets = (
				C7C96BF51B9188E800C818D3 /* tips */,
				C7C96C0A1B9188E800C818D3 /* tipsTests */,
			);
		};
/* End PBXProject section */

/* Begin PBXResourcesBuildPhase section */
		C7C96BF41B9188E800C818D3 /* Resources */ = {
			isa = PBXResourcesBuildPhase;
			buildActionMask = 2147483647;
			files = (
				C7C96C011B9188E800C818D3 /* Main.storyboard in Resources */,
				C7C96C061B9188E800C818D3 /* LaunchScreen.xib in Resources */,
				C7C96C031B9188E800C818D3 /* Images.xcassets in Resources */,
			);
			runOnlyForDeploymentPostprocessing = 0;
		};
		C7C96C091B9188E800C818D3 /* Resources */ = {
			isa = PBXResourcesBuildPhase;
			buildActionMask = 2147483647;
			files = (
			);
			runOnlyForDeploymentPostprocessing = 0;
		};
/* End PBXResourcesBuildPhase section */

/* Begin PBXSourcesBuildPhase section */
		C7C96BF21B9188E800C818D3 /* Sources */ = {
			isa = PBXSourcesBuildPhase;
			buildActionMask = 2147483647;
			files = (
				C7C96BFE1B9188E800C818D3 /* ViewController.swift in Sources */,
				C7C96BFC1B9188E800C818D3 /* AppDelegate.swift in Sources */,
			);
			runOnlyForDeploymentPostprocessing = 0;
		};
		C7C96C071B9188E800C818D3 /* Sources */ = {
			isa = PBXSourcesBuildPhase;
			buildActionMask = 2147483647;
			files = (
				C7C96C121B9188E800C818D3 /* tipsTests.swift in Sources */,
			);
			runOnlyForDeploymentPostprocessing = 0;
		};
/* End PBXSourcesBuildPhase section */

/* Begin PBXTargetDependency section */
		C7C96C0D1B9188E800C818D3 /* PBXTargetDependency */ = {
			isa = PBXTargetDependency;
			target = C7C96BF51B9188E800C818D3 /* tips */;
			targetProxy = C7C96C0C1B9188E800C818D3 /* PBXContainerItemProxy */;
		};
/* End PBXTargetDependency section */

/* Begin PBXVariantGroup section */
		C7C96BFF1B9188E800C818D3 /* Main.storyboard */ = {
			isa = PBXVariantGroup;
			children = (
				C7C96C001B9188E800C818D3 /* Base */,
			);
			name = Main.storyboard;
			sourceTree = "<group>";
		};
		C7C96C041B9188E800C818D3 /* LaunchScreen.xib */ = {
			isa = PBXVariantGroup;
			children = (
				C7C96C051B9188E800C818D3 /* Base */,
			);
			name = LaunchScreen.xib;
			sourceTree = "<group>";
		};
/* End PBXVariantGroup section */

/* Begin XCBuildConfiguration section */
		C7C96C131B9188E800C818D3 /* Debug */ = {
			isa = XCBuildConfiguration;
			buildSettings = {
				ALWAYS_SEARCH_USER_PATHS = NO;
				CLANG_CXX_LANGUAGE_STANDARD = "gnu++0x";
				CLANG_CXX_LIBRARY = "libc++";
				CLANG_ENABLE_MODULES = YES;
				CLANG_ENABLE_OBJC_ARC = YES;
				CLANG_WARN_BOOL_CONVERSION = YES;
				CLANG_WARN_CONSTANT_CONVERSION = YES;
				CLANG_WARN_DIRECT_OBJC_ISA_USAGE = YES_ERROR;
				CLANG_WARN_EMPTY_BODY = YES;
				CLANG_WARN_ENUM_CONVERSION = YES;
				CLANG_WARN_INT_CONVERSION = YES;
				CLANG_WARN_OBJC_ROOT_CLASS = YES_ERROR;
				CLANG_WARN_UNREACHABLE_CODE = YES;
				CLANG_WARN__DUPLICATE_METHOD_MATCH = YES;
				"CODE_SIGN_IDENTITY[sdk=iphoneos*]" = "iPhone Developer";
				COPY_PHASE_STRIP = NO;
				DEBUG_INFORMATION_FORMAT = "dwarf-with-dsym";
				ENABLE_STRICT_OBJC_MSGSEND = YES;
				GCC_C_LANGUAGE_STANDARD = gnu99;
				GCC_DYNAMIC_NO_PIC = NO;
				GCC_NO_COMMON_BLOCKS = YES;
				GCC_OPTIMIZATION_LEVEL = 0;
				GCC_PREPROCESSOR_DEFINITIONS = (
					"DEBUG=1",
					"$(inherited)",
				);
				GCC_SYMBOLS_PRIVATE_EXTERN = NO;
				GCC_WARN_64_TO_32_BIT_CONVERSION = YES;
				GCC_WARN_ABOUT_RETURN_TYPE = YES_ERROR;
				GCC_WARN_UNDECLARED_SELECTOR = YES;
				GCC_WARN_UNINITIALIZED_AUTOS = YES_AGGRESSIVE;
				GCC_WARN_UNUSED_FUNCTION = YES;
				GCC_WARN_UNUSED_VARIABLE = YES;
				IPHONEOS_DEPLOYMENT_TARGET = 8.4;
				MTL_ENABLE_DEBUG_INFO = YES;
				ONLY_ACTIVE_ARCH = YES;
				SDKROOT = iphoneos;
				SWIFT_OPTIMIZATION_LEVEL = "-Onone";
			};
			name = Debug;
		};
		C7C96C141B9188E800C818D3 /* Release */ = {
			isa = XCBuildConfiguration;
			buildSettings = {
				ALWAYS_SEARCH_USER_PATHS = NO;
				CLANG_CXX_LANGUAGE_STANDARD = "gnu++0x";
				CLANG_CXX_LIBRARY = "libc++";
				CLANG_ENABLE_MODULES = YES;
				CLANG_ENABLE_OBJC_ARC = YES;
				CLANG_WARN_BOOL_CONVERSION = YES;
				CLANG_WARN_CONSTANT_CONVERSION = YES;
				CLANG_WARN_DIRECT_OBJC_ISA_USAGE = YES_ERROR;
				CLANG_WARN_EMPTY_BODY = YES;
				CLANG_WARN_ENUM_CONVERSION = YES;
				CLANG_WARN_INT_CONVERSION = YES;
				CLANG_WARN_OBJC_ROOT_CLASS = YES_ERROR;
				CLANG_WARN_UNREACHABLE_CODE = YES;
				CLANG_WARN__DUPLICATE_METHOD_MATCH = YES;
				"CODE_SIGN_IDENTITY[sdk=iphoneos*]" = "iPhone Developer";
				COPY_PHASE_STRIP = NO;
				DEBUG_INFORMATION_FORMAT = "dwarf-with-dsym";
				ENABLE_NS_ASSERTIONS = NO;
				ENABLE_STRICT_OBJC_MSGSEND = YES;
				GCC_C_LANGUAGE_STANDARD = gnu99;
				GCC_NO_COMMON_BLOCKS = YES;
				GCC_WARN_64_TO_32_BIT_CONVERSION = YES;
				GCC_WARN_ABOUT_RETURN_TYPE = YES_ERROR;
				GCC_WARN_UNDECLARED_SELECTOR = YES;
				GCC_WARN_UNINITIALIZED_AUTOS = YES_AGGRESSIVE;
				GCC_WARN_UNUSED_FUNCTION = YES;
				GCC_WARN_UNUSED_VARIABLE = YES;
				IPHONEOS_DEPLOYMENT_TARGET = 8.4;
				MTL_ENABLE_DEBUG_INFO = NO;
				SDKROOT = iphoneos;
				VALIDATE_PRODUCT = YES;
			};
			name = Release;
		};
		C7C96C161B9188E800C818D3 /* Debug */ = {
			isa = XCBuildConfiguration;
			buildSettings = {
				ASSETCATALOG_COMPILER_APPICON_NAME = AppIcon;
				INFOPLIST_FILE = tips/Info.plist;
				LD_RUNPATH_SEARCH_PATHS = "$(inherited) @executable_path/Frameworks";
				PRODUCT_NAME = "$(TARGET_NAME)";
			};
			name = Debug;
		};
		C7C96C171B9188E800C818D3 /* Release */ = {
			isa = XCBuildConfiguration;
			buildSettings = {
				ASSETCATALOG_COMPILER_APPICON_NAME = AppIcon;
				INFOPLIST_FILE = tips/Info.plist;
				LD_RUNPATH_SEARCH_PATHS = "$(inherited) @executable_path/Frameworks";
				PRODUCT_NAME = "$(TARGET_NAME)";
			};
			name = Release;
		};
		C7C96C191B9188E800C818D3 /* Debug */ = {
			isa = XCBuildConfiguration;
			buildSettings = {
				BUNDLE_LOADER = "$(TEST_HOST)";
				FRAMEWORK_SEARCH_PATHS = (
					"$(SDKROOT)/Developer/Library/Frameworks",
					"$(inherited)",
				);
				GCC_PREPROCESSOR_DEFINITIONS = (
					"DEBUG=1",
					"$(inherited)",
				);
				INFOPLIST_FILE = tipsTests/Info.plist;
				LD_RUNPATH_SEARCH_PATHS = "$(inherited) @executable_path/Frameworks @loader_path/Frameworks";
				PRODUCT_NAME = "$(TARGET_NAME)";
				TEST_HOST = "$(BUILT_PRODUCTS_DIR)/tips.app/tips";
			};
			name = Debug;
		};
		C7C96C1A1B9188E800C818D3 /* Release */ = {
			isa = XCBuildConfiguration;
			buildSettings = {
				BUNDLE_LOADER = "$(TEST_HOST)";
				FRAMEWORK_SEARCH_PATHS = (
					"$(SDKROOT)/Developer/Library/Frameworks",
					"$(inherited)",
				);
				INFOPLIST_FILE = tipsTests/Info.plist;
				LD_RUNPATH_SEARCH_PATHS = "$(inherited) @executable_path/Frameworks @loader_path/Frameworks";
				PRODUCT_NAME = "$(TARGET_NAME)";
				TEST_HOST = "$(BUILT_PRODUCTS_DIR)/tips.app/tips";
			};
			name = Release;
		};
/* End XCBuildConfiguration section */

/* Begin XCConfigurationList section */
		C7C96BF11B9188E800C818D3 /* Build configuration list for PBXProject "tips" */ = {
			isa = XCConfigurationList;
			buildConfigurations = (
				C7C96C131B9188E800C818D3 /* Debug */,
				C7C96C141B9188E800C818D3 /* Release */,
			);
			defaultConfigurationIsVisible = 0;
			defaultConfigurationName = Release;
		};
		C7C96C151B9188E800C818D3 /* Build configuration list for PBXNativeTarget "tips" */ = {
			isa = XCConfigurationList;
			buildConfigurations = (
				C7C96C161B9188E800C818D3 /* Debug */,
				C7C96C171B9188E800C818D3 /* Release */,
			);
			defaultConfigurationIsVisible = 0;
		};
		C7C96C181B9188E800C818D3 /* Build configuration list for PBXNativeTarget "tipsTests" */ = {
			isa = XCConfigurationList;
			buildConfigurations = (
				C7C96C191B9188E800C818D3 /* Debug */,
				C7C96C1A1B9188E800C818D3 /* Release */,
			);
			defaultConfigurationIsVisible = 0;
		};
/* End XCConfigurationList section */
	};
	rootObject = C7C96BEE1B9188E800C818D3 /* Project object */;
}
